// !$*UTF8*$!
{
	archiveVersion = 1;
	classes = {
	};
	objectVersion = 55;
	objects = {

/* Begin PBXBuildFile section */
		E9075EA628C1D0FA000515E7 /* AppDelegate.swift in Sources */ = {isa = PBXBuildFile; fileRef = E9075EA528C1D0FA000515E7 /* AppDelegate.swift */; };
		E9075EAF28C1D0FB000515E7 /* Assets.xcassets in Resources */ = {isa = PBXBuildFile; fileRef = E9075EAE28C1D0FB000515E7 /* Assets.xcassets */; };
		E9075EB228C1D0FB000515E7 /* LaunchScreen.storyboard in Resources */ = {isa = PBXBuildFile; fileRef = E9075EB028C1D0FB000515E7 /* LaunchScreen.storyboard */; };
		E92BBD4428C48092003F3083 /* OnboardingFlowLayout.swift in Sources */ = {isa = PBXBuildFile; fileRef = E92BBD4328C48092003F3083 /* OnboardingFlowLayout.swift */; };
		E953257628C1EDB800842E4F /* OnboardingViewModel.swift in Sources */ = {isa = PBXBuildFile; fileRef = E953257528C1EDB800842E4F /* OnboardingViewModel.swift */; };
		E953257828C1EE7200842E4F /* OnboardingViewModelProtocols.swift in Sources */ = {isa = PBXBuildFile; fileRef = E953257728C1EE7200842E4F /* OnboardingViewModelProtocols.swift */; };
		E953257A28C1FDB700842E4F /* Localizable.strings in Resources */ = {isa = PBXBuildFile; fileRef = E953257928C1FDB700842E4F /* Localizable.strings */; };
		E953257D28C2004C00842E4F /* R.generated.swift in Sources */ = {isa = PBXBuildFile; fileRef = E953257C28C2004C00842E4F /* R.generated.swift */; };
		E98BDFDF28C2768B0069E194 /* OnboardingCollectionViewCell.swift in Sources */ = {isa = PBXBuildFile; fileRef = E98BDFDE28C2768B0069E194 /* OnboardingCollectionViewCell.swift */; };
		E98BDFE228C27AFB0069E194 /* CellBuilder.swift in Sources */ = {isa = PBXBuildFile; fileRef = E98BDFE128C27AFB0069E194 /* CellBuilder.swift */; };
		E98BDFE528C27CC20069E194 /* OnboardingCellModel.swift in Sources */ = {isa = PBXBuildFile; fileRef = E98BDFE428C27CC20069E194 /* OnboardingCellModel.swift */; };
		E98BDFE828C283CD0069E194 /* BlueButton.swift in Sources */ = {isa = PBXBuildFile; fileRef = E98BDFE728C283CD0069E194 /* BlueButton.swift */; };
		E9D5A2C028C4BD2F0028CA3F /* SearchViewController.swift in Sources */ = {isa = PBXBuildFile; fileRef = E9D5A2BF28C4BD2F0028CA3F /* SearchViewController.swift */; };
		E9D5A2C228C4BF3E0028CA3F /* SearchFlow.swift in Sources */ = {isa = PBXBuildFile; fileRef = E9D5A2C128C4BF3E0028CA3F /* SearchFlow.swift */; };
		E9D5A2C428C4E42B0028CA3F /* DashboardFlow.swift in Sources */ = {isa = PBXBuildFile; fileRef = E9D5A2C328C4E42B0028CA3F /* DashboardFlow.swift */; };
		E9E46B1A28C1D78C0046A423 /* OnboardingViewController.swift in Sources */ = {isa = PBXBuildFile; fileRef = E9E46B1928C1D78C0046A423 /* OnboardingViewController.swift */; };
		E9E46B1C28C1DE2F0046A423 /* AppStep.swift in Sources */ = {isa = PBXBuildFile; fileRef = E9E46B1B28C1DE2F0046A423 /* AppStep.swift */; };
		E9E46B1E28C1DE5E0046A423 /* AppFlow.swift in Sources */ = {isa = PBXBuildFile; fileRef = E9E46B1D28C1DE5E0046A423 /* AppFlow.swift */; };
		E9E46B2028C1DE940046A423 /* OnboardingFlow.swift in Sources */ = {isa = PBXBuildFile; fileRef = E9E46B1F28C1DE940046A423 /* OnboardingFlow.swift */; };
		EA75351889C6340D84F8B890 /* libPods-Apple Music.a in Frameworks */ = {isa = PBXBuildFile; fileRef = AB7B6EBF43F95E22AF6A36ED /* libPods-Apple Music.a */; };
/* End PBXBuildFile section */

/* Begin PBXFileReference section */
		AB7B6EBF43F95E22AF6A36ED /* libPods-Apple Music.a */ = {isa = PBXFileReference; explicitFileType = archive.ar; includeInIndex = 0; path = "libPods-Apple Music.a"; sourceTree = BUILT_PRODUCTS_DIR; };
		BC640DFA55EA2B2A5D850F2A /* Pods-Apple Music.release.xcconfig */ = {isa = PBXFileReference; includeInIndex = 1; lastKnownFileType = text.xcconfig; name = "Pods-Apple Music.release.xcconfig"; path = "Target Support Files/Pods-Apple Music/Pods-Apple Music.release.xcconfig"; sourceTree = "<group>"; };
		BCD25EF2B0A2E4F3B9FA6B6C /* Pods-Apple Music.debug.xcconfig */ = {isa = PBXFileReference; includeInIndex = 1; lastKnownFileType = text.xcconfig; name = "Pods-Apple Music.debug.xcconfig"; path = "Target Support Files/Pods-Apple Music/Pods-Apple Music.debug.xcconfig"; sourceTree = "<group>"; };
		E9075EA228C1D0FA000515E7 /* Apple Music.app */ = {isa = PBXFileReference; explicitFileType = wrapper.application; includeInIndex = 0; path = "Apple Music.app"; sourceTree = BUILT_PRODUCTS_DIR; };
		E9075EA528C1D0FA000515E7 /* AppDelegate.swift */ = {isa = PBXFileReference; lastKnownFileType = sourcecode.swift; path = AppDelegate.swift; sourceTree = "<group>"; };
		E9075EAE28C1D0FB000515E7 /* Assets.xcassets */ = {isa = PBXFileReference; lastKnownFileType = folder.assetcatalog; path = Assets.xcassets; sourceTree = "<group>"; };
		E9075EB128C1D0FB000515E7 /* Base */ = {isa = PBXFileReference; lastKnownFileType = file.storyboard; name = Base; path = Base.lproj/LaunchScreen.storyboard; sourceTree = "<group>"; };
		E9075EB328C1D0FB000515E7 /* Info.plist */ = {isa = PBXFileReference; lastKnownFileType = text.plist.xml; path = Info.plist; sourceTree = "<group>"; };
		E92BBD4328C48092003F3083 /* OnboardingFlowLayout.swift */ = {isa = PBXFileReference; lastKnownFileType = sourcecode.swift; path = OnboardingFlowLayout.swift; sourceTree = "<group>"; };
		E953257528C1EDB800842E4F /* OnboardingViewModel.swift */ = {isa = PBXFileReference; lastKnownFileType = sourcecode.swift; path = OnboardingViewModel.swift; sourceTree = "<group>"; };
		E953257728C1EE7200842E4F /* OnboardingViewModelProtocols.swift */ = {isa = PBXFileReference; lastKnownFileType = sourcecode.swift; path = OnboardingViewModelProtocols.swift; sourceTree = "<group>"; };
		E953257928C1FDB700842E4F /* Localizable.strings */ = {isa = PBXFileReference; lastKnownFileType = text.plist.strings; path = Localizable.strings; sourceTree = "<group>"; };
		E953257C28C2004C00842E4F /* R.generated.swift */ = {isa = PBXFileReference; fileEncoding = 4; lastKnownFileType = sourcecode.swift; path = R.generated.swift; sourceTree = SOURCE_ROOT; };
		E98BDFDE28C2768B0069E194 /* OnboardingCollectionViewCell.swift */ = {isa = PBXFileReference; lastKnownFileType = sourcecode.swift; path = OnboardingCollectionViewCell.swift; sourceTree = "<group>"; };
		E98BDFE128C27AFB0069E194 /* CellBuilder.swift */ = {isa = PBXFileReference; lastKnownFileType = sourcecode.swift; path = CellBuilder.swift; sourceTree = "<group>"; };
		E98BDFE428C27CC20069E194 /* OnboardingCellModel.swift */ = {isa = PBXFileReference; lastKnownFileType = sourcecode.swift; path = OnboardingCellModel.swift; sourceTree = "<group>"; };
		E98BDFE728C283CD0069E194 /* BlueButton.swift */ = {isa = PBXFileReference; lastKnownFileType = sourcecode.swift; path = BlueButton.swift; sourceTree = "<group>"; };
		E9D5A2BF28C4BD2F0028CA3F /* SearchViewController.swift */ = {isa = PBXFileReference; lastKnownFileType = sourcecode.swift; path = SearchViewController.swift; sourceTree = "<group>"; };
		E9D5A2C128C4BF3E0028CA3F /* SearchFlow.swift */ = {isa = PBXFileReference; lastKnownFileType = sourcecode.swift; path = SearchFlow.swift; sourceTree = "<group>"; };
		E9D5A2C328C4E42B0028CA3F /* DashboardFlow.swift */ = {isa = PBXFileReference; lastKnownFileType = sourcecode.swift; path = DashboardFlow.swift; sourceTree = "<group>"; };
		E9E46B1928C1D78C0046A423 /* OnboardingViewController.swift */ = {isa = PBXFileReference; lastKnownFileType = sourcecode.swift; path = OnboardingViewController.swift; sourceTree = "<group>"; };
		E9E46B1B28C1DE2F0046A423 /* AppStep.swift */ = {isa = PBXFileReference; lastKnownFileType = sourcecode.swift; path = AppStep.swift; sourceTree = "<group>"; };
		E9E46B1D28C1DE5E0046A423 /* AppFlow.swift */ = {isa = PBXFileReference; lastKnownFileType = sourcecode.swift; path = AppFlow.swift; sourceTree = "<group>"; };
		E9E46B1F28C1DE940046A423 /* OnboardingFlow.swift */ = {isa = PBXFileReference; lastKnownFileType = sourcecode.swift; path = OnboardingFlow.swift; sourceTree = "<group>"; };
/* End PBXFileReference section */

/* Begin PBXFrameworksBuildPhase section */
		E9075E9F28C1D0FA000515E7 /* Frameworks */ = {
			isa = PBXFrameworksBuildPhase;
			buildActionMask = 2147483647;
			files = (
				EA75351889C6340D84F8B890 /* libPods-Apple Music.a in Frameworks */,
			);
			runOnlyForDeploymentPostprocessing = 0;
		};
/* End PBXFrameworksBuildPhase section */

/* Begin PBXGroup section */
		3196C0F20C22F6B21431519C /* Frameworks */ = {
			isa = PBXGroup;
			children = (
				AB7B6EBF43F95E22AF6A36ED /* libPods-Apple Music.a */,
			);
			name = Frameworks;
			sourceTree = "<group>";
		};
		E9075E9928C1D0FA000515E7 = {
			isa = PBXGroup;
			children = (
				E9075EA428C1D0FA000515E7 /* Apple Music */,
				E9075EA328C1D0FA000515E7 /* Products */,
				E961029E6CDAEC777BA357FE /* Pods */,
				3196C0F20C22F6B21431519C /* Frameworks */,
			);
			sourceTree = "<group>";
		};
		E9075EA328C1D0FA000515E7 /* Products */ = {
			isa = PBXGroup;
			children = (
				E9075EA228C1D0FA000515E7 /* Apple Music.app */,
			);
			name = Products;
			sourceTree = "<group>";
		};
		E9075EA428C1D0FA000515E7 /* Apple Music */ = {
			isa = PBXGroup;
			children = (
				E953257C28C2004C00842E4F /* R.generated.swift */,
				E9E46B1728C1D6730046A423 /* App */,
				E9E46B2128C1E8A20046A423 /* Resources */,
				E9E46B1528C1D65F0046A423 /* Helpers */,
				E9E46B1428C1D65A0046A423 /* Models */,
				E9E46B1228C1D64E0046A423 /* Flow */,
				E9E46B1328C1D6540046A423 /* Modules */,
				E9E46B1628C1D6690046A423 /* Components */,
				E9075EB028C1D0FB000515E7 /* LaunchScreen.storyboard */,
				E9075EB328C1D0FB000515E7 /* Info.plist */,
			);
			path = "Apple Music";
			sourceTree = "<group>";
		};
		E92BBD4228C48079003F3083 /* FlowLayouts */ = {
			isa = PBXGroup;
			children = (
				E92BBD4328C48092003F3083 /* OnboardingFlowLayout.swift */,
			);
			path = FlowLayouts;
			sourceTree = "<group>";
		};
		E953257228C1ED6B00842E4F /* SearchScreen */ = {
			isa = PBXGroup;
			children = (
				E9D5A2BF28C4BD2F0028CA3F /* SearchViewController.swift */,
			);
			path = SearchScreen;
			sourceTree = "<group>";
		};
		E953257328C1ED8700842E4F /* View */ = {
			isa = PBXGroup;
			children = (
				E9E46B1928C1D78C0046A423 /* OnboardingViewController.swift */,
			);
			path = View;
			sourceTree = "<group>";
		};
		E953257428C1ED8E00842E4F /* ViewModel */ = {
			isa = PBXGroup;
			children = (
				E953257528C1EDB800842E4F /* OnboardingViewModel.swift */,
				E953257728C1EE7200842E4F /* OnboardingViewModelProtocols.swift */,
			);
			path = ViewModel;
			sourceTree = "<group>";
		};
		E961029E6CDAEC777BA357FE /* Pods */ = {
			isa = PBXGroup;
			children = (
				BCD25EF2B0A2E4F3B9FA6B6C /* Pods-Apple Music.debug.xcconfig */,
				BC640DFA55EA2B2A5D850F2A /* Pods-Apple Music.release.xcconfig */,
			);
			path = Pods;
			sourceTree = "<group>";
		};
		E98BDFDC28C2762B0069E194 /* UI */ = {
			isa = PBXGroup;
			children = (
				E98BDFE628C283A00069E194 /* Buttons */,
				E98BDFDD28C276320069E194 /* Cells */,
			);
			path = UI;
			sourceTree = "<group>";
		};
		E98BDFDD28C276320069E194 /* Cells */ = {
			isa = PBXGroup;
			children = (
				E98BDFDE28C2768B0069E194 /* OnboardingCollectionViewCell.swift */,
			);
			path = Cells;
			sourceTree = "<group>";
		};
		E98BDFE028C27AE90069E194 /* CellBuilders */ = {
			isa = PBXGroup;
			children = (
				E98BDFE128C27AFB0069E194 /* CellBuilder.swift */,
			);
			path = CellBuilders;
			sourceTree = "<group>";
		};
		E98BDFE328C27BF50069E194 /* CellModels */ = {
			isa = PBXGroup;
			children = (
				E98BDFE428C27CC20069E194 /* OnboardingCellModel.swift */,
			);
			path = CellModels;
			sourceTree = "<group>";
		};
		E98BDFE628C283A00069E194 /* Buttons */ = {
			isa = PBXGroup;
			children = (
				E98BDFE728C283CD0069E194 /* BlueButton.swift */,
			);
			path = Buttons;
			sourceTree = "<group>";
		};
		E9E46B1228C1D64E0046A423 /* Flow */ = {
			isa = PBXGroup;
			children = (
				E9E46B1B28C1DE2F0046A423 /* AppStep.swift */,
				E9E46B1D28C1DE5E0046A423 /* AppFlow.swift */,
				E9E46B1F28C1DE940046A423 /* OnboardingFlow.swift */,
				E9D5A2C328C4E42B0028CA3F /* DashboardFlow.swift */,
				E9D5A2C128C4BF3E0028CA3F /* SearchFlow.swift */,
			);
			path = Flow;
			sourceTree = "<group>";
		};
		E9E46B1328C1D6540046A423 /* Modules */ = {
			isa = PBXGroup;
			children = (
				E9E46B1828C1D76C0046A423 /* OnboardingScreen */,
				E953257228C1ED6B00842E4F /* SearchScreen */,
			);
			path = Modules;
			sourceTree = "<group>";
		};
		E9E46B1428C1D65A0046A423 /* Models */ = {
			isa = PBXGroup;
			children = (
				E98BDFE328C27BF50069E194 /* CellModels */,
			);
			path = Models;
			sourceTree = "<group>";
		};
		E9E46B1528C1D65F0046A423 /* Helpers */ = {
			isa = PBXGroup;
			children = (
				E92BBD4228C48079003F3083 /* FlowLayouts */,
				E98BDFE028C27AE90069E194 /* CellBuilders */,
			);
			path = Helpers;
			sourceTree = "<group>";
		};
		E9E46B1628C1D6690046A423 /* Components */ = {
			isa = PBXGroup;
			children = (
				E98BDFDC28C2762B0069E194 /* UI */,
			);
			path = Components;
			sourceTree = "<group>";
		};
		E9E46B1728C1D6730046A423 /* App */ = {
			isa = PBXGroup;
			children = (
				E9075EA528C1D0FA000515E7 /* AppDelegate.swift */,
			);
			path = App;
			sourceTree = "<group>";
		};
		E9E46B1828C1D76C0046A423 /* OnboardingScreen */ = {
			isa = PBXGroup;
			children = (
				E953257328C1ED8700842E4F /* View */,
				E953257428C1ED8E00842E4F /* ViewModel */,
			);
			path = OnboardingScreen;
			sourceTree = "<group>";
		};
		E9E46B2128C1E8A20046A423 /* Resources */ = {
			isa = PBXGroup;
			children = (
				E9075EAE28C1D0FB000515E7 /* Assets.xcassets */,
				E953257928C1FDB700842E4F /* Localizable.strings */,
			);
			path = Resources;
			sourceTree = "<group>";
		};
/* End PBXGroup section */

/* Begin PBXNativeTarget section */
		E9075EA128C1D0FA000515E7 /* Apple Music */ = {
			isa = PBXNativeTarget;
			buildConfigurationList = E9075EB628C1D0FB000515E7 /* Build configuration list for PBXNativeTarget "Apple Music" */;
			buildPhases = (
				4B8F8736AE94E908CD977897 /* [CP] Check Pods Manifest.lock */,
				E953257B28C1FE9400842E4F /* R.Swift */,
				E9075E9E28C1D0FA000515E7 /* Sources */,
				E9075E9F28C1D0FA000515E7 /* Frameworks */,
				E9075EA028C1D0FA000515E7 /* Resources */,
			);
			buildRules = (
			);
			dependencies = (
			);
			name = "Apple Music";
			productName = "Apple Music";
			productReference = E9075EA228C1D0FA000515E7 /* Apple Music.app */;
			productType = "com.apple.product-type.application";
		};
/* End PBXNativeTarget section */

/* Begin PBXProject section */
		E9075E9A28C1D0FA000515E7 /* Project object */ = {
			isa = PBXProject;
			attributes = {
				BuildIndependentTargetsInParallel = 1;
				LastSwiftUpdateCheck = 1340;
				LastUpgradeCheck = 1340;
				TargetAttributes = {
					E9075EA128C1D0FA000515E7 = {
						CreatedOnToolsVersion = 13.4.1;
					};
				};
			};
			buildConfigurationList = E9075E9D28C1D0FA000515E7 /* Build configuration list for PBXProject "Apple Music" */;
			compatibilityVersion = "Xcode 13.0";
			developmentRegion = en;
			hasScannedForEncodings = 0;
			knownRegions = (
				en,
				Base,
			);
			mainGroup = E9075E9928C1D0FA000515E7;
			productRefGroup = E9075EA328C1D0FA000515E7 /* Products */;
			projectDirPath = "";
			projectRoot = "";
			targets = (
				E9075EA128C1D0FA000515E7 /* Apple Music */,
			);
		};
/* End PBXProject section */

/* Begin PBXResourcesBuildPhase section */
		E9075EA028C1D0FA000515E7 /* Resources */ = {
			isa = PBXResourcesBuildPhase;
			buildActionMask = 2147483647;
			files = (
				E9075EB228C1D0FB000515E7 /* LaunchScreen.storyboard in Resources */,
				E953257A28C1FDB700842E4F /* Localizable.strings in Resources */,
				E9075EAF28C1D0FB000515E7 /* Assets.xcassets in Resources */,
			);
			runOnlyForDeploymentPostprocessing = 0;
		};
/* End PBXResourcesBuildPhase section */

/* Begin PBXShellScriptBuildPhase section */
		4B8F8736AE94E908CD977897 /* [CP] Check Pods Manifest.lock */ = {
			isa = PBXShellScriptBuildPhase;
			buildActionMask = 2147483647;
			files = (
			);
			inputFileListPaths = (
			);
			inputPaths = (
				"${PODS_PODFILE_DIR_PATH}/Podfile.lock",
				"${PODS_ROOT}/Manifest.lock",
			);
			name = "[CP] Check Pods Manifest.lock";
			outputFileListPaths = (
			);
			outputPaths = (
				"$(DERIVED_FILE_DIR)/Pods-Apple Music-checkManifestLockResult.txt",
			);
			runOnlyForDeploymentPostprocessing = 0;
			shellPath = /bin/sh;
			shellScript = "diff \"${PODS_PODFILE_DIR_PATH}/Podfile.lock\" \"${PODS_ROOT}/Manifest.lock\" > /dev/null\nif [ $? != 0 ] ; then\n    # print error to STDERR\n    echo \"error: The sandbox is not in sync with the Podfile.lock. Run 'pod install' or update your CocoaPods installation.\" >&2\n    exit 1\nfi\n# This output is used by Xcode 'outputs' to avoid re-running this script phase.\necho \"SUCCESS\" > \"${SCRIPT_OUTPUT_FILE_0}\"\n";
			showEnvVarsInLog = 0;
		};
		E953257B28C1FE9400842E4F /* R.Swift */ = {
			isa = PBXShellScriptBuildPhase;
			buildActionMask = 2147483647;
			files = (
			);
			inputFileListPaths = (
			);
			inputPaths = (
				"$TEMP_DIR/rswift-lastrun",
			);
			name = R.Swift;
			outputFileListPaths = (
			);
			outputPaths = (
				$SRCROOT/R.generated.swift,
			);
			runOnlyForDeploymentPostprocessing = 0;
			shellPath = /bin/sh;
			shellScript = "\"$PODS_ROOT/R.swift/rswift\" generate \"$SRCROOT/R.generated.swift\"\n";
		};
/* End PBXShellScriptBuildPhase section */

/* Begin PBXSourcesBuildPhase section */
		E9075E9E28C1D0FA000515E7 /* Sources */ = {
			isa = PBXSourcesBuildPhase;
			buildActionMask = 2147483647;
			files = (
				E9E46B2028C1DE940046A423 /* OnboardingFlow.swift in Sources */,
				E953257628C1EDB800842E4F /* OnboardingViewModel.swift in Sources */,
				E9E46B1C28C1DE2F0046A423 /* AppStep.swift in Sources */,
				E953257D28C2004C00842E4F /* R.generated.swift in Sources */,
				E98BDFE528C27CC20069E194 /* OnboardingCellModel.swift in Sources */,
				E9075EA628C1D0FA000515E7 /* AppDelegate.swift in Sources */,
				E98BDFE228C27AFB0069E194 /* CellBuilder.swift in Sources */,
				E92BBD4428C48092003F3083 /* OnboardingFlowLayout.swift in Sources */,
				E9D5A2C028C4BD2F0028CA3F /* SearchViewController.swift in Sources */,
				E9D5A2C228C4BF3E0028CA3F /* SearchFlow.swift in Sources */,
				E953257828C1EE7200842E4F /* OnboardingViewModelProtocols.swift in Sources */,
				E9E46B1E28C1DE5E0046A423 /* AppFlow.swift in Sources */,
				E9E46B1A28C1D78C0046A423 /* OnboardingViewController.swift in Sources */,
				E98BDFDF28C2768B0069E194 /* OnboardingCollectionViewCell.swift in Sources */,
				E9D5A2C428C4E42B0028CA3F /* DashboardFlow.swift in Sources */,
				E98BDFE828C283CD0069E194 /* BlueButton.swift in Sources */,
			);
			runOnlyForDeploymentPostprocessing = 0;
		};
/* End PBXSourcesBuildPhase section */

/* Begin PBXVariantGroup section */
		E9075EB028C1D0FB000515E7 /* LaunchScreen.storyboard */ = {
			isa = PBXVariantGroup;
			children = (
				E9075EB128C1D0FB000515E7 /* Base */,
			);
			name = LaunchScreen.storyboard;
			sourceTree = "<group>";
		};
/* End PBXVariantGroup section */

/* Begin XCBuildConfiguration section */
		E9075EB428C1D0FB000515E7 /* Debug */ = {
			isa = XCBuildConfiguration;
			buildSettings = {
				ALWAYS_SEARCH_USER_PATHS = NO;
				CLANG_ANALYZER_NONNULL = YES;
				CLANG_ANALYZER_NUMBER_OBJECT_CONVERSION = YES_AGGRESSIVE;
				CLANG_CXX_LANGUAGE_STANDARD = "gnu++17";
				CLANG_ENABLE_MODULES = YES;
				CLANG_ENABLE_OBJC_ARC = YES;
				CLANG_ENABLE_OBJC_WEAK = YES;
				CLANG_WARN_BLOCK_CAPTURE_AUTORELEASING = YES;
				CLANG_WARN_BOOL_CONVERSION = YES;
				CLANG_WARN_COMMA = YES;
				CLANG_WARN_CONSTANT_CONVERSION = YES;
				CLANG_WARN_DEPRECATED_OBJC_IMPLEMENTATIONS = YES;
				CLANG_WARN_DIRECT_OBJC_ISA_USAGE = YES_ERROR;
				CLANG_WARN_DOCUMENTATION_COMMENTS = YES;
				CLANG_WARN_EMPTY_BODY = YES;
				CLANG_WARN_ENUM_CONVERSION = YES;
				CLANG_WARN_INFINITE_RECURSION = YES;
				CLANG_WARN_INT_CONVERSION = YES;
				CLANG_WARN_NON_LITERAL_NULL_CONVERSION = YES;
				CLANG_WARN_OBJC_IMPLICIT_RETAIN_SELF = YES;
				CLANG_WARN_OBJC_LITERAL_CONVERSION = YES;
				CLANG_WARN_OBJC_ROOT_CLASS = YES_ERROR;
				CLANG_WARN_QUOTED_INCLUDE_IN_FRAMEWORK_HEADER = YES;
				CLANG_WARN_RANGE_LOOP_ANALYSIS = YES;
				CLANG_WARN_STRICT_PROTOTYPES = YES;
				CLANG_WARN_SUSPICIOUS_MOVE = YES;
				CLANG_WARN_UNGUARDED_AVAILABILITY = YES_AGGRESSIVE;
				CLANG_WARN_UNREACHABLE_CODE = YES;
				CLANG_WARN__DUPLICATE_METHOD_MATCH = YES;
				COPY_PHASE_STRIP = NO;
				DEBUG_INFORMATION_FORMAT = dwarf;
				ENABLE_STRICT_OBJC_MSGSEND = YES;
				ENABLE_TESTABILITY = YES;
				GCC_C_LANGUAGE_STANDARD = gnu11;
				GCC_DYNAMIC_NO_PIC = NO;
				GCC_NO_COMMON_BLOCKS = YES;
				GCC_OPTIMIZATION_LEVEL = 0;
				GCC_PREPROCESSOR_DEFINITIONS = (
					"DEBUG=1",
					"$(inherited)",
				);
				GCC_WARN_64_TO_32_BIT_CONVERSION = YES;
				GCC_WARN_ABOUT_RETURN_TYPE = YES_ERROR;
				GCC_WARN_UNDECLARED_SELECTOR = YES;
				GCC_WARN_UNINITIALIZED_AUTOS = YES_AGGRESSIVE;
				GCC_WARN_UNUSED_FUNCTION = YES;
				GCC_WARN_UNUSED_VARIABLE = YES;
				IPHONEOS_DEPLOYMENT_TARGET = 14.0;
				MTL_ENABLE_DEBUG_INFO = INCLUDE_SOURCE;
				MTL_FAST_MATH = YES;
				ONLY_ACTIVE_ARCH = YES;
				SDKROOT = iphoneos;
				SWIFT_ACTIVE_COMPILATION_CONDITIONS = DEBUG;
				SWIFT_OPTIMIZATION_LEVEL = "-Onone";
			};
			name = Debug;
		};
		E9075EB528C1D0FB000515E7 /* Release */ = {
			isa = XCBuildConfiguration;
			buildSettings = {
				ALWAYS_SEARCH_USER_PATHS = NO;
				CLANG_ANALYZER_NONNULL = YES;
				CLANG_ANALYZER_NUMBER_OBJECT_CONVERSION = YES_AGGRESSIVE;
				CLANG_CXX_LANGUAGE_STANDARD = "gnu++17";
				CLANG_ENABLE_MODULES = YES;
				CLANG_ENABLE_OBJC_ARC = YES;
				CLANG_ENABLE_OBJC_WEAK = YES;
				CLANG_WARN_BLOCK_CAPTURE_AUTORELEASING = YES;
				CLANG_WARN_BOOL_CONVERSION = YES;
				CLANG_WARN_COMMA = YES;
				CLANG_WARN_CONSTANT_CONVERSION = YES;
				CLANG_WARN_DEPRECATED_OBJC_IMPLEMENTATIONS = YES;
				CLANG_WARN_DIRECT_OBJC_ISA_USAGE = YES_ERROR;
				CLANG_WARN_DOCUMENTATION_COMMENTS = YES;
				CLANG_WARN_EMPTY_BODY = YES;
				CLANG_WARN_ENUM_CONVERSION = YES;
				CLANG_WARN_INFINITE_RECURSION = YES;
				CLANG_WARN_INT_CONVERSION = YES;
				CLANG_WARN_NON_LITERAL_NULL_CONVERSION = YES;
				CLANG_WARN_OBJC_IMPLICIT_RETAIN_SELF = YES;
				CLANG_WARN_OBJC_LITERAL_CONVERSION = YES;
				CLANG_WARN_OBJC_ROOT_CLASS = YES_ERROR;
				CLANG_WARN_QUOTED_INCLUDE_IN_FRAMEWORK_HEADER = YES;
				CLANG_WARN_RANGE_LOOP_ANALYSIS = YES;
				CLANG_WARN_STRICT_PROTOTYPES = YES;
				CLANG_WARN_SUSPICIOUS_MOVE = YES;
				CLANG_WARN_UNGUARDED_AVAILABILITY = YES_AGGRESSIVE;
				CLANG_WARN_UNREACHABLE_CODE = YES;
				CLANG_WARN__DUPLICATE_METHOD_MATCH = YES;
				COPY_PHASE_STRIP = NO;
				DEBUG_INFORMATION_FORMAT = "dwarf-with-dsym";
				ENABLE_NS_ASSERTIONS = NO;
				ENABLE_STRICT_OBJC_MSGSEND = YES;
				GCC_C_LANGUAGE_STANDARD = gnu11;
				GCC_NO_COMMON_BLOCKS = YES;
				GCC_WARN_64_TO_32_BIT_CONVERSION = YES;
				GCC_WARN_ABOUT_RETURN_TYPE = YES_ERROR;
				GCC_WARN_UNDECLARED_SELECTOR = YES;
				GCC_WARN_UNINITIALIZED_AUTOS = YES_AGGRESSIVE;
				GCC_WARN_UNUSED_FUNCTION = YES;
				GCC_WARN_UNUSED_VARIABLE = YES;
				IPHONEOS_DEPLOYMENT_TARGET = 14.0;
				MTL_ENABLE_DEBUG_INFO = NO;
				MTL_FAST_MATH = YES;
				SDKROOT = iphoneos;
				SWIFT_COMPILATION_MODE = wholemodule;
				SWIFT_OPTIMIZATION_LEVEL = "-O";
				VALIDATE_PRODUCT = YES;
			};
			name = Release;
		};
		E9075EB728C1D0FB000515E7 /* Debug */ = {
			isa = XCBuildConfiguration;
			baseConfigurationReference = BCD25EF2B0A2E4F3B9FA6B6C /* Pods-Apple Music.debug.xcconfig */;
			buildSettings = {
				ASSETCATALOG_COMPILER_APPICON_NAME = AppIcon;
				ASSETCATALOG_COMPILER_GLOBAL_ACCENT_COLOR_NAME = AccentColor;
				CODE_SIGN_STYLE = Automatic;
				CURRENT_PROJECT_VERSION = 1;
				DEVELOPMENT_TEAM = 63455GEHLW;
				GENERATE_INFOPLIST_FILE = YES;
				INFOPLIST_FILE = "Apple Music/Info.plist";
				INFOPLIST_KEY_UIApplicationSupportsIndirectInputEvents = YES;
				INFOPLIST_KEY_UILaunchStoryboardName = LaunchScreen;
				INFOPLIST_KEY_UIMainStoryboardFile = LaunchScreen;
				INFOPLIST_KEY_UISupportedInterfaceOrientations_iPad = "UIInterfaceOrientationPortrait UIInterfaceOrientationPortraitUpsideDown UIInterfaceOrientationLandscapeLeft UIInterfaceOrientationLandscapeRight";
				INFOPLIST_KEY_UISupportedInterfaceOrientations_iPhone = "UIInterfaceOrientationPortrait UIInterfaceOrientationLandscapeLeft UIInterfaceOrientationLandscapeRight";
				LD_RUNPATH_SEARCH_PATHS = (
					"$(inherited)",
					"@executable_path/Frameworks",
				);
				MARKETING_VERSION = 1.0;
				PRODUCT_BUNDLE_IDENTIFIER = "com.pkoyushev.Apple-Music";
				PRODUCT_NAME = "$(TARGET_NAME)";
				SWIFT_EMIT_LOC_STRINGS = YES;
				SWIFT_VERSION = 5.0;
				TARGETED_DEVICE_FAMILY = 1;
			};
			name = Debug;
		};
		E9075EB828C1D0FB000515E7 /* Release */ = {
			isa = XCBuildConfiguration;
			baseConfigurationReference = BC640DFA55EA2B2A5D850F2A /* Pods-Apple Music.release.xcconfig */;
			buildSettings = {
				ASSETCATALOG_COMPILER_APPICON_NAME = AppIcon;
				ASSETCATALOG_COMPILER_GLOBAL_ACCENT_COLOR_NAME = AccentColor;
				CODE_SIGN_STYLE = Automatic;
				CURRENT_PROJECT_VERSION = 1;
				DEVELOPMENT_TEAM = 63455GEHLW;
				GENERATE_INFOPLIST_FILE = YES;
				INFOPLIST_FILE = "Apple Music/Info.plist";
				INFOPLIST_KEY_UIApplicationSupportsIndirectInputEvents = YES;
				INFOPLIST_KEY_UILaunchStoryboardName = LaunchScreen;
				INFOPLIST_KEY_UIMainStoryboardFile = LaunchScreen;
				INFOPLIST_KEY_UISupportedInterfaceOrientations_iPad = "UIInterfaceOrientationPortrait UIInterfaceOrientationPortraitUpsideDown UIInterfaceOrientationLandscapeLeft UIInterfaceOrientationLandscapeRight";
				INFOPLIST_KEY_UISupportedInterfaceOrientations_iPhone = "UIInterfaceOrientationPortrait UIInterfaceOrientationLandscapeLeft UIInterfaceOrientationLandscapeRight";
				LD_RUNPATH_SEARCH_PATHS = (
					"$(inherited)",
					"@executable_path/Frameworks",
				);
				MARKETING_VERSION = 1.0;
				PRODUCT_BUNDLE_IDENTIFIER = "com.pkoyushev.Apple-Music";
				PRODUCT_NAME = "$(TARGET_NAME)";
				SWIFT_EMIT_LOC_STRINGS = YES;
				SWIFT_VERSION = 5.0;
				TARGETED_DEVICE_FAMILY = 1;
			};
			name = Release;
		};
/* End XCBuildConfiguration section */

/* Begin XCConfigurationList section */
		E9075E9D28C1D0FA000515E7 /* Build configuration list for PBXProject "Apple Music" */ = {
			isa = XCConfigurationList;
			buildConfigurations = (
				E9075EB428C1D0FB000515E7 /* Debug */,
				E9075EB528C1D0FB000515E7 /* Release */,
			);
			defaultConfigurationIsVisible = 0;
			defaultConfigurationName = Release;
		};
		E9075EB628C1D0FB000515E7 /* Build configuration list for PBXNativeTarget "Apple Music" */ = {
			isa = XCConfigurationList;
			buildConfigurations = (
				E9075EB728C1D0FB000515E7 /* Debug */,
				E9075EB828C1D0FB000515E7 /* Release */,
			);
			defaultConfigurationIsVisible = 0;
			defaultConfigurationName = Release;
		};
/* End XCConfigurationList section */
	};
	rootObject = E9075E9A28C1D0FA000515E7 /* Project object */;
}
